
Microsoft Visual Studio Solution File, Format Version 12.00
# Visual Studio 15
Project("{FAE04EC0-301F-11D3-BF4B-00C04F79EFBC}") = "Assembly-CSharp", "Assembly-CSharp.csproj", "{1ABD7EDA-53E7-4973-B7C0-45BBEC3CC628}"
EndProject
Global
	GlobalSection(SolutionConfigurationPlatforms) = preSolution
		Debug|Any CPU = Debug|Any CPU
		Release|Any CPU = Release|Any CPU
	EndGlobalSection
	GlobalSection(ProjectConfigurationPlatforms) = postSolution
		{1ABD7EDA-53E7-4973-B7C0-45BBEC3CC628}.Debug|Any CPU.ActiveCfg = Debug|Any CPU
		{1ABD7EDA-53E7-4973-B7C0-45BBEC3CC628}.Debug|Any CPU.Build.0 = Debug|Any CPU
		{1ABD7EDA-53E7-4973-B7C0-45BBEC3CC628}.Release|Any CPU.ActiveCfg = Release|Any CPU
		{1ABD7EDA-53E7-4973-B7C0-45BBEC3CC628}.Release|Any CPU.Build.0 = Release|Any CPU
	EndGlobalSection
	GlobalSection(SolutionProperties) = preSolution
		HideSolutionNode = FALSE
	EndGlobalSection
EndGlobal
